
Microsoft Visual Studio Solution File, Format Version 12.00
# Visual Studio Version 17
VisualStudioVersion = 17.1.32319.34
MinimumVisualStudioVersion = 10.0.40219.1
Project("{9A19103F-16F7-4668-BE54-9A1E7A4F7556}") = "Model", "Model\Model.csproj", "{9A23C5D1-CA29-4717-AB4F-A65E0D9A7847}"
EndProject
Project("{9A19103F-16F7-4668-BE54-9A1E7A4F7556}") = "Enums", "Enums\Enums.csproj", "{39C0085E-2C7A-4952-888B-C8499AB25655}"
EndProject
Project("{9A19103F-16F7-4668-BE54-9A1E7A4F7556}") = "DTO", "DTO\DTO.csproj", "{1118F8A4-B664-49F5-B43A-5686D65541FF}"
EndProject
Project("{9A19103F-16F7-4668-BE54-9A1E7A4F7556}") = "Interfaces", "Interfaces\Interfaces.csproj", "{A4A4CF5E-4444-474C-BD79-5DE94EF4A2B8}"
EndProject
Project("{9A19103F-16F7-4668-BE54-9A1E7A4F7556}") = "testesAutomatizados", "testesAutomatizados\testesAutomatizados.csproj", "{9F898192-5B18-44F8-A584-C3D19CE141D2}"
EndProject
Project("{FAE04EC0-301F-11D3-BF4B-00C04F79EFBC}") = "DAO", "DAO\DAO.csproj", "{B0F81BCC-A706-4FB9-AB24-8CC896864680}"
EndProject
Global
	GlobalSection(SolutionConfigurationPlatforms) = preSolution
		Debug|Any CPU = Debug|Any CPU
		Release|Any CPU = Release|Any CPU
	EndGlobalSection
	GlobalSection(ProjectConfigurationPlatforms) = postSolution
		{9A23C5D1-CA29-4717-AB4F-A65E0D9A7847}.Debug|Any CPU.ActiveCfg = Debug|Any CPU
		{9A23C5D1-CA29-4717-AB4F-A65E0D9A7847}.Debug|Any CPU.Build.0 = Debug|Any CPU
		{9A23C5D1-CA29-4717-AB4F-A65E0D9A7847}.Release|Any CPU.ActiveCfg = Release|Any CPU
		{9A23C5D1-CA29-4717-AB4F-A65E0D9A7847}.Release|Any CPU.Build.0 = Release|Any CPU
		{39C0085E-2C7A-4952-888B-C8499AB25655}.Debug|Any CPU.ActiveCfg = Debug|Any CPU
		{39C0085E-2C7A-4952-888B-C8499AB25655}.Debug|Any CPU.Build.0 = Debug|Any CPU
		{39C0085E-2C7A-4952-888B-C8499AB25655}.Release|Any CPU.ActiveCfg = Release|Any CPU
		{39C0085E-2C7A-4952-888B-C8499AB25655}.Release|Any CPU.Build.0 = Release|Any CPU
		{1118F8A4-B664-49F5-B43A-5686D65541FF}.Debug|Any CPU.ActiveCfg = Debug|Any CPU
		{1118F8A4-B664-49F5-B43A-5686D65541FF}.Debug|Any CPU.Build.0 = Debug|Any CPU
		{1118F8A4-B664-49F5-B43A-5686D65541FF}.Release|Any CPU.ActiveCfg = Release|Any CPU
		{1118F8A4-B664-49F5-B43A-5686D65541FF}.Release|Any CPU.Build.0 = Release|Any CPU
		{A4A4CF5E-4444-474C-BD79-5DE94EF4A2B8}.Debug|Any CPU.ActiveCfg = Debug|Any CPU
		{A4A4CF5E-4444-474C-BD79-5DE94EF4A2B8}.Debug|Any CPU.Build.0 = Debug|Any CPU
		{A4A4CF5E-4444-474C-BD79-5DE94EF4A2B8}.Release|Any CPU.ActiveCfg = Release|Any CPU
		{A4A4CF5E-4444-474C-BD79-5DE94EF4A2B8}.Release|Any CPU.Build.0 = Release|Any CPU
		{9F898192-5B18-44F8-A584-C3D19CE141D2}.Debug|Any CPU.ActiveCfg = Debug|Any CPU
		{9F898192-5B18-44F8-A584-C3D19CE141D2}.Debug|Any CPU.Build.0 = Debug|Any CPU
		{9F898192-5B18-44F8-A584-C3D19CE141D2}.Release|Any CPU.ActiveCfg = Release|Any CPU
		{9F898192-5B18-44F8-A584-C3D19CE141D2}.Release|Any CPU.Build.0 = Release|Any CPU
		{B0F81BCC-A706-4FB9-AB24-8CC896864680}.Debug|Any CPU.ActiveCfg = Debug|Any CPU
		{B0F81BCC-A706-4FB9-AB24-8CC896864680}.Debug|Any CPU.Build.0 = Debug|Any CPU
		{B0F81BCC-A706-4FB9-AB24-8CC896864680}.Release|Any CPU.ActiveCfg = Release|Any CPU
		{B0F81BCC-A706-4FB9-AB24-8CC896864680}.Release|Any CPU.Build.0 = Release|Any CPU
	EndGlobalSection
	GlobalSection(SolutionProperties) = preSolution
		HideSolutionNode = FALSE
	EndGlobalSection
	GlobalSection(ExtensibilityGlobals) = postSolution
		SolutionGuid = {F80E9E3A-CDF1-4689-AEED-F0EF7A31D00F}
	EndGlobalSection
EndGlobal
